
Microsoft Visual Studio Solution File, Format Version 12.00
# Visual Studio Version 17
VisualStudioVersion = 17.11.35327.3
MinimumVisualStudioVersion = 10.0.40219.1
Project("{9A19103F-16F7-4668-BE54-9A1E7A4F7556}") = "WpfCanva", "..\WpfCanva\WpfCanva.csproj", "{CF7A6471-8BCA-4A53-90FA-02F1DE36A2C6}"
EndProject
Global
	GlobalSection(SolutionConfigurationPlatforms) = preSolution
		Debug|Any CPU = Debug|Any CPU
		Release|Any CPU = Release|Any CPU
	EndGlobalSection
	GlobalSection(ProjectConfigurationPlatforms) = postSolution
		{CF7A6471-8BCA-4A53-90FA-02F1DE36A2C6}.Debug|Any CPU.ActiveCfg = Debug|Any CPU
		{CF7A6471-8BCA-4A53-90FA-02F1DE36A2C6}.Debug|Any CPU.Build.0 = Debug|Any CPU
		{CF7A6471-8BCA-4A53-90FA-02F1DE36A2C6}.Release|Any CPU.ActiveCfg = Release|Any CPU
		{CF7A6471-8BCA-4A53-90FA-02F1DE36A2C6}.Release|Any CPU.Build.0 = Release|Any CPU
	EndGlobalSection
	GlobalSection(SolutionProperties) = preSolution
		HideSolutionNode = FALSE
	EndGlobalSection
	GlobalSection(ExtensibilityGlobals) = postSolution
		SolutionGuid = {9BCD4469-97F0-47DB-9EBA-A4B9F40DD765}
	EndGlobalSection
EndGlobal
